
Microsoft Visual Studio Solution File, Format Version 12.00
# Visual Studio 15
VisualStudioVersion = 15.0.28307.168
MinimumVisualStudioVersion = 10.0.40219.1
Project("{FAE04EC0-301F-11D3-BF4B-00C04F79EFBC}") = "MetaLive", "MetaLive\MetaLive.csproj", "{E9C4278F-A716-4A08-882B-3AC2A9ED3C7D}"
EndProject
Global
	GlobalSection(SolutionConfigurationPlatforms) = preSolution
		Debug|Any CPU = Debug|Any CPU
		Release|Any CPU = Release|Any CPU
	EndGlobalSection
	GlobalSection(ProjectConfigurationPlatforms) = postSolution
		{E9C4278F-A716-4A08-882B-3AC2A9ED3C7D}.Debug|Any CPU.ActiveCfg = Debug|Any CPU
		{E9C4278F-A716-4A08-882B-3AC2A9ED3C7D}.Debug|Any CPU.Build.0 = Debug|Any CPU
		{E9C4278F-A716-4A08-882B-3AC2A9ED3C7D}.Release|Any CPU.ActiveCfg = Release|Any CPU
		{E9C4278F-A716-4A08-882B-3AC2A9ED3C7D}.Release|Any CPU.Build.0 = Release|Any CPU
	EndGlobalSection
	GlobalSection(SolutionProperties) = preSolution
		HideSolutionNode = FALSE
	EndGlobalSection
	GlobalSection(ExtensibilityGlobals) = postSolution
		SolutionGuid = {3D42B4B8-E4AC-4756-9213-7BB26D79ED07}
	EndGlobalSection
EndGlobal
